
Microsoft Visual Studio Solution File, Format Version 12.00
# Visual Studio 2012
Project("{8BC9CEB8-8B4A-11D0-8D11-00A0C91BC942}") = "Project1", "Project1\Project1.vcxproj", "{9D0F9F0E-FD29-4BF2-88F1-8CDFD9C365D1}"
EndProject
Global
	GlobalSection(SolutionConfigurationPlatforms) = preSolution
		Debug|Win32 = Debug|Win32
		Release|Win32 = Release|Win32
	EndGlobalSection
	GlobalSection(ProjectConfigurationPlatforms) = postSolution
		{9D0F9F0E-FD29-4BF2-88F1-8CDFD9C365D1}.Debug|Win32.ActiveCfg = Release|Win32
		{9D0F9F0E-FD29-4BF2-88F1-8CDFD9C365D1}.Debug|Win32.Build.0 = Release|Win32
		{9D0F9F0E-FD29-4BF2-88F1-8CDFD9C365D1}.Release|Win32.ActiveCfg = Release|Win32
		{9D0F9F0E-FD29-4BF2-88F1-8CDFD9C365D1}.Release|Win32.Build.0 = Release|Win32
	EndGlobalSection
	GlobalSection(SolutionProperties) = preSolution
		HideSolutionNode = FALSE
	EndGlobalSection
EndGlobal
