
Microsoft Visual Studio Solution File, Format Version 12.00
# Visual Studio 2012
# SharpDevelop 5.1
VisualStudioVersion = 12.0.31101.0
MinimumVisualStudioVersion = 10.0.40219.1
Project("{FAE04EC0-301F-11D3-BF4B-00C04F79EFBC}") = "Cyotek.Windows.Forms.ColorPicker", "Cyotek.Windows.Forms.ColorPicker\Cyotek.Windows.Forms.ColorPicker.csproj", "{FB2A5786-CD2E-42CE-BC5D-0FCE90034221}"
EndProject
Global
	GlobalSection(SolutionConfigurationPlatforms) = preSolution
		Debug|Any CPU = Debug|Any CPU
		Release|Any CPU = Release|Any CPU
	EndGlobalSection
	GlobalSection(ProjectConfigurationPlatforms) = postSolution
		{FB2A5786-CD2E-42CE-BC5D-0FCE90034221}.Debug|Any CPU.ActiveCfg = Debug|Any CPU
		{FB2A5786-CD2E-42CE-BC5D-0FCE90034221}.Debug|Any CPU.Build.0 = Debug|Any CPU
		{FB2A5786-CD2E-42CE-BC5D-0FCE90034221}.Release|Any CPU.ActiveCfg = Release|Any CPU
		{FB2A5786-CD2E-42CE-BC5D-0FCE90034221}.Release|Any CPU.Build.0 = Release|Any CPU
	EndGlobalSection
	GlobalSection(SolutionProperties) = preSolution
		HideSolutionNode = FALSE
	EndGlobalSection
EndGlobal
